
Microsoft Visual Studio Solution File, Format Version 12.00
# Visual Studio Version 17
VisualStudioVersion = 17.8.34408.163
MinimumVisualStudioVersion = 15.0.26124.0
Project("{2150E333-8FDC-42A3-9474-1A3956D46DE8}") = "Solution Items", "Solution Items", "{E316FCD7-C0C8-4F2F-87FB-F92921756F02}"
	ProjectSection(SolutionItems) = preProject
		Directory.Build.props = Directory.Build.props
	EndProjectSection
EndProject
Project("{9A19103F-16F7-4668-BE54-9A1E7A4F7556}") = "Assignment", "Assignment\Assignment.csproj", "{44D2E231-FBBF-4AD6-B117-834C9A68AC24}"
EndProject
Project("{9A19103F-16F7-4668-BE54-9A1E7A4F7556}") = "Assignment.Interfaces", "Assignment.Interfaces\Assignment.Interfaces.csproj", "{686EBAB8-12F7-4F75-91C7-A0569559E3D0}"
EndProject
Project("{9A19103F-16F7-4668-BE54-9A1E7A4F7556}") = "Assignment.Tests", "Assignment.Tests\Assignment.Tests.csproj", "{AB4AC0F1-32E0-4880-8C61-A94BB3BCA7AB}"
EndProject
Global
	GlobalSection(SolutionConfigurationPlatforms) = preSolution
		Debug|Any CPU = Debug|Any CPU
		Release|Any CPU = Release|Any CPU
	EndGlobalSection
	GlobalSection(ProjectConfigurationPlatforms) = postSolution
		{44D2E231-FBBF-4AD6-B117-834C9A68AC24}.Debug|Any CPU.ActiveCfg = Debug|Any CPU
		{44D2E231-FBBF-4AD6-B117-834C9A68AC24}.Debug|Any CPU.Build.0 = Debug|Any CPU
		{44D2E231-FBBF-4AD6-B117-834C9A68AC24}.Release|Any CPU.ActiveCfg = Release|Any CPU
		{44D2E231-FBBF-4AD6-B117-834C9A68AC24}.Release|Any CPU.Build.0 = Release|Any CPU
		{686EBAB8-12F7-4F75-91C7-A0569559E3D0}.Debug|Any CPU.ActiveCfg = Debug|Any CPU
		{686EBAB8-12F7-4F75-91C7-A0569559E3D0}.Debug|Any CPU.Build.0 = Debug|Any CPU
		{686EBAB8-12F7-4F75-91C7-A0569559E3D0}.Release|Any CPU.ActiveCfg = Release|Any CPU
		{686EBAB8-12F7-4F75-91C7-A0569559E3D0}.Release|Any CPU.Build.0 = Release|Any CPU
		{AB4AC0F1-32E0-4880-8C61-A94BB3BCA7AB}.Debug|Any CPU.ActiveCfg = Debug|Any CPU
		{AB4AC0F1-32E0-4880-8C61-A94BB3BCA7AB}.Debug|Any CPU.Build.0 = Debug|Any CPU
		{AB4AC0F1-32E0-4880-8C61-A94BB3BCA7AB}.Release|Any CPU.ActiveCfg = Release|Any CPU
		{AB4AC0F1-32E0-4880-8C61-A94BB3BCA7AB}.Release|Any CPU.Build.0 = Release|Any CPU
	EndGlobalSection
	GlobalSection(SolutionProperties) = preSolution
		HideSolutionNode = FALSE
	EndGlobalSection
	GlobalSection(ExtensibilityGlobals) = postSolution
		SolutionGuid = {96A872D5-ACBB-46D6-B685-43C8B647A67C}
	EndGlobalSection
EndGlobal
